// !$*UTF8*$!
{
	archiveVersion = 1;
	classes = {
	};
	objectVersion = 50;
	objects = {

/* Begin PBXBuildFile section */
		08094175224E518F00506B97 /* WebPage.storyboard in Resources */ = {isa = PBXBuildFile; fileRef = 08094173224E518F00506B97 /* WebPage.storyboard */; };
		08094176224E518F00506B97 /* WebPageViewController.swift in Sources */ = {isa = PBXBuildFile; fileRef = 08094174224E518F00506B97 /* WebPageViewController.swift */; };
		0809417B224E51AA00506B97 /* CollapsingTableViewController.swift in Sources */ = {isa = PBXBuildFile; fileRef = 08094177224E51AA00506B97 /* CollapsingTableViewController.swift */; };
		0809417C224E51AA00506B97 /* CollapsingRowPageNavigationController.swift in Sources */ = {isa = PBXBuildFile; fileRef = 08094178224E51AA00506B97 /* CollapsingRowPageNavigationController.swift */; };
		0809417D224E51AA00506B97 /* CollapsingTableViewCell.swift in Sources */ = {isa = PBXBuildFile; fileRef = 08094179224E51AA00506B97 /* CollapsingTableViewCell.swift */; };
		0809417E224E51AA00506B97 /* RowPage.storyboard in Resources */ = {isa = PBXBuildFile; fileRef = 0809417A224E51AA00506B97 /* RowPage.storyboard */; };
		0813B4902243C2F900E19848 /* CategoriesTableViewCell.swift in Sources */ = {isa = PBXBuildFile; fileRef = 0813B48F2243C2F900E19848 /* CategoriesTableViewCell.swift */; };
		081A75602241127D0028E9D1 /* Articles.swift in Sources */ = {isa = PBXBuildFile; fileRef = 081A755D2241127D0028E9D1 /* Articles.swift */; };
		081A75612241127D0028E9D1 /* Source.swift in Sources */ = {isa = PBXBuildFile; fileRef = 081A755E2241127D0028E9D1 /* Source.swift */; };
		081A75622241127D0028E9D1 /* NewsModel.swift in Sources */ = {isa = PBXBuildFile; fileRef = 081A755F2241127D0028E9D1 /* NewsModel.swift */; };
		082CBD57224BB82E00F85C18 /* RowPageWireframe.swift in Sources */ = {isa = PBXBuildFile; fileRef = 082CBD56224BB82E00F85C18 /* RowPageWireframe.swift */; };
		082CBD59224BB84A00F85C18 /* RowPageWireframeProtocol.swift in Sources */ = {isa = PBXBuildFile; fileRef = 082CBD58224BB84A00F85C18 /* RowPageWireframeProtocol.swift */; };
		08361561224258DF00062B3D /* CategoriesViewController.swift in Sources */ = {isa = PBXBuildFile; fileRef = 08361560224258DF00062B3D /* CategoriesViewController.swift */; };
		083615652242590F00062B3D /* CategoriesViewControllerProtocol.swift in Sources */ = {isa = PBXBuildFile; fileRef = 083615642242590F00062B3D /* CategoriesViewControllerProtocol.swift */; };
		08752243223F7EE70061E87F /* SWRevealViewController.m in Sources */ = {isa = PBXBuildFile; fileRef = 08752242223F7EE70061E87F /* SWRevealViewController.m */; };
		08752248223F8C5A0061E87F /* MainViewController.swift in Sources */ = {isa = PBXBuildFile; fileRef = 08752247223F8C5A0061E87F /* MainViewController.swift */; };
		0875224A223F8C710061E87F /* MainViewControllerProtocol.swift in Sources */ = {isa = PBXBuildFile; fileRef = 08752249223F8C710061E87F /* MainViewControllerProtocol.swift */; };
		0875224C223F8CE80061E87F /* HomeMenuTableViewController.swift in Sources */ = {isa = PBXBuildFile; fileRef = 0875224B223F8CE80061E87F /* HomeMenuTableViewController.swift */; };
		0875224E223F9D4C0061E87F /* MainInteractor.swift in Sources */ = {isa = PBXBuildFile; fileRef = 0875224D223F9D4C0061E87F /* MainInteractor.swift */; };
		08752250223F9D5F0061E87F /* MainInteractorProtocol.swift in Sources */ = {isa = PBXBuildFile; fileRef = 0875224F223F9D5F0061E87F /* MainInteractorProtocol.swift */; };
		08752252223FA0AA0061E87F /* NewsTableViewCell.swift in Sources */ = {isa = PBXBuildFile; fileRef = 08752251223FA0AA0061E87F /* NewsTableViewCell.swift */; };
		08BA863A223B81F600BE48F2 /* LaunchScreen.storyboard in Resources */ = {isa = PBXBuildFile; fileRef = 08BA8639223B81F600BE48F2 /* LaunchScreen.storyboard */; };
		08BA8650223BB1AB00BE48F2 /* AppConstants.swift in Sources */ = {isa = PBXBuildFile; fileRef = 08BA864F223BB1AB00BE48F2 /* AppConstants.swift */; };
		08BA8652223BB24500BE48F2 /* LoginWireframeProtocol.swift in Sources */ = {isa = PBXBuildFile; fileRef = 08BA8651223BB24500BE48F2 /* LoginWireframeProtocol.swift */; };
		08BA8654223BB24E00BE48F2 /* LoginWireframe.swift in Sources */ = {isa = PBXBuildFile; fileRef = 08BA8653223BB24E00BE48F2 /* LoginWireframe.swift */; };
		08BA8656223BB26400BE48F2 /* LoginInteractor.swift in Sources */ = {isa = PBXBuildFile; fileRef = 08BA8655223BB26400BE48F2 /* LoginInteractor.swift */; };
		08BA8658223BB26B00BE48F2 /* LoginInteractorProtocol.swift in Sources */ = {isa = PBXBuildFile; fileRef = 08BA8657223BB26B00BE48F2 /* LoginInteractorProtocol.swift */; };
		08BA865A223BB27800BE48F2 /* Login.storyboard in Resources */ = {isa = PBXBuildFile; fileRef = 08BA8659223BB27800BE48F2 /* Login.storyboard */; };
		08BA865C223BB28000BE48F2 /* LoginViewController.swift in Sources */ = {isa = PBXBuildFile; fileRef = 08BA865B223BB28000BE48F2 /* LoginViewController.swift */; };
		08BA865E223BB28800BE48F2 /* LoginViewControllerProtocol.swift in Sources */ = {isa = PBXBuildFile; fileRef = 08BA865D223BB28800BE48F2 /* LoginViewControllerProtocol.swift */; };
		08BA8660223BDCDD00BE48F2 /* HomeWireframe.swift in Sources */ = {isa = PBXBuildFile; fileRef = 08BA865F223BDCDD00BE48F2 /* HomeWireframe.swift */; };
		08BA8662223BDCEC00BE48F2 /* HomeWireframeProtocol.swift in Sources */ = {isa = PBXBuildFile; fileRef = 08BA8661223BDCEC00BE48F2 /* HomeWireframeProtocol.swift */; };
		08BA8664223BDD0000BE48F2 /* HomeInteractor.swift in Sources */ = {isa = PBXBuildFile; fileRef = 08BA8663223BDD0000BE48F2 /* HomeInteractor.swift */; };
		08BA8666223BDD0E00BE48F2 /* HomeInteractorProtocol.swift in Sources */ = {isa = PBXBuildFile; fileRef = 08BA8665223BDD0E00BE48F2 /* HomeInteractorProtocol.swift */; };
		08BA866C223BDD3900BE48F2 /* Home.storyboard in Resources */ = {isa = PBXBuildFile; fileRef = 08BA866B223BDD3900BE48F2 /* Home.storyboard */; };
		08E245082248C15D009AAE25 /* Register.storyboard in Resources */ = {isa = PBXBuildFile; fileRef = 08E245072248C15D009AAE25 /* Register.storyboard */; };
		08E2450A2248C1AB009AAE25 /* RegisterViewController.swift in Sources */ = {isa = PBXBuildFile; fileRef = 08E245092248C1AB009AAE25 /* RegisterViewController.swift */; };
		08E2450C2248C749009AAE25 /* GoogleService-Info.plist in Resources */ = {isa = PBXBuildFile; fileRef = 08E2450B2248C749009AAE25 /* GoogleService-Info.plist */; };
		51C1584EB6EE8656C91DD1B6 /* Pods_DemoApplication.framework in Frameworks */ = {isa = PBXBuildFile; fileRef = 40D4AEDD2CDB512DC117BBAC /* Pods_DemoApplication.framework */; };
		84E552C821FAF0A4005A5E3A /* AppDelegate.swift in Sources */ = {isa = PBXBuildFile; fileRef = 84E552C721FAF0A4005A5E3A /* AppDelegate.swift */; };
		84E552D021FAF0A4005A5E3A /* DemoApplication.xcdatamodeld in Sources */ = {isa = PBXBuildFile; fileRef = 84E552CE21FAF0A4005A5E3A /* DemoApplication.xcdatamodeld */; };
		84E552D221FAF0A5005A5E3A /* Assets.xcassets in Resources */ = {isa = PBXBuildFile; fileRef = 84E552D121FAF0A5005A5E3A /* Assets.xcassets */; };
		84E552E021FAF0A5005A5E3A /* DemoApplicationTests.swift in Sources */ = {isa = PBXBuildFile; fileRef = 84E552DF21FAF0A5005A5E3A /* DemoApplicationTests.swift */; };
		84E5530021FAF90F005A5E3A /* Splash.storyboard in Resources */ = {isa = PBXBuildFile; fileRef = 84E552FF21FAF90F005A5E3A /* Splash.storyboard */; };
		84E5530221FAFA2C005A5E3A /* SplashInteractor.swift in Sources */ = {isa = PBXBuildFile; fileRef = 84E5530121FAFA2C005A5E3A /* SplashInteractor.swift */; };
		84E5530421FAFAE7005A5E3A /* SplashInteractorProtocol.swift in Sources */ = {isa = PBXBuildFile; fileRef = 84E5530321FAFAE7005A5E3A /* SplashInteractorProtocol.swift */; };
		84E5530621FAFB44005A5E3A /* SplashViewController.swift in Sources */ = {isa = PBXBuildFile; fileRef = 84E5530521FAFB44005A5E3A /* SplashViewController.swift */; };
		84E5530821FAFC63005A5E3A /* SplashViewControllerProtocol.swift in Sources */ = {isa = PBXBuildFile; fileRef = 84E5530721FAFC63005A5E3A /* SplashViewControllerProtocol.swift */; };
		84E5530A21FAFCBB005A5E3A /* SplashWireframe.swift in Sources */ = {isa = PBXBuildFile; fileRef = 84E5530921FAFCBB005A5E3A /* SplashWireframe.swift */; };
		84E5530C21FAFCE0005A5E3A /* SplashWireframeProtocol.swift in Sources */ = {isa = PBXBuildFile; fileRef = 84E5530B21FAFCE0005A5E3A /* SplashWireframeProtocol.swift */; };
		84E5530E21FAFD74005A5E3A /* RootWireframe.swift in Sources */ = {isa = PBXBuildFile; fileRef = 84E5530D21FAFD74005A5E3A /* RootWireframe.swift */; };
/* End PBXBuildFile section */

/* Begin PBXContainerItemProxy section */
		84E552DC21FAF0A5005A5E3A /* PBXContainerItemProxy */ = {
			isa = PBXContainerItemProxy;
			containerPortal = 84E552BC21FAF0A4005A5E3A /* Project object */;
			proxyType = 1;
			remoteGlobalIDString = 84E552C321FAF0A4005A5E3A;
			remoteInfo = DemoApplication;
		};
/* End PBXContainerItemProxy section */

/* Begin PBXFileReference section */
		08094173224E518F00506B97 /* WebPage.storyboard */ = {isa = PBXFileReference; fileEncoding = 4; lastKnownFileType = file.storyboard; path = WebPage.storyboard; sourceTree = "<group>"; };
		08094174224E518F00506B97 /* WebPageViewController.swift */ = {isa = PBXFileReference; fileEncoding = 4; lastKnownFileType = sourcecode.swift; path = WebPageViewController.swift; sourceTree = "<group>"; };
		08094177224E51AA00506B97 /* CollapsingTableViewController.swift */ = {isa = PBXFileReference; fileEncoding = 4; lastKnownFileType = sourcecode.swift; path = CollapsingTableViewController.swift; sourceTree = "<group>"; };
		08094178224E51AA00506B97 /* CollapsingRowPageNavigationController.swift */ = {isa = PBXFileReference; fileEncoding = 4; lastKnownFileType = sourcecode.swift; path = CollapsingRowPageNavigationController.swift; sourceTree = "<group>"; };
		08094179224E51AA00506B97 /* CollapsingTableViewCell.swift */ = {isa = PBXFileReference; fileEncoding = 4; lastKnownFileType = sourcecode.swift; path = CollapsingTableViewCell.swift; sourceTree = "<group>"; };
		0809417A224E51AA00506B97 /* RowPage.storyboard */ = {isa = PBXFileReference; fileEncoding = 4; lastKnownFileType = file.storyboard; path = RowPage.storyboard; sourceTree = "<group>"; };
		0813B48F2243C2F900E19848 /* CategoriesTableViewCell.swift */ = {isa = PBXFileReference; fileEncoding = 4; lastKnownFileType = sourcecode.swift; path = CategoriesTableViewCell.swift; sourceTree = "<group>"; };
		081A755D2241127D0028E9D1 /* Articles.swift */ = {isa = PBXFileReference; fileEncoding = 4; lastKnownFileType = sourcecode.swift; path = Articles.swift; sourceTree = "<group>"; };
		081A755E2241127D0028E9D1 /* Source.swift */ = {isa = PBXFileReference; fileEncoding = 4; lastKnownFileType = sourcecode.swift; path = Source.swift; sourceTree = "<group>"; };
		081A755F2241127D0028E9D1 /* NewsModel.swift */ = {isa = PBXFileReference; fileEncoding = 4; lastKnownFileType = sourcecode.swift; path = NewsModel.swift; sourceTree = "<group>"; };
		082CBD56224BB82E00F85C18 /* RowPageWireframe.swift */ = {isa = PBXFileReference; lastKnownFileType = sourcecode.swift; path = RowPageWireframe.swift; sourceTree = "<group>"; };
		082CBD58224BB84A00F85C18 /* RowPageWireframeProtocol.swift */ = {isa = PBXFileReference; lastKnownFileType = sourcecode.swift; path = RowPageWireframeProtocol.swift; sourceTree = "<group>"; };
		08361560224258DF00062B3D /* CategoriesViewController.swift */ = {isa = PBXFileReference; lastKnownFileType = sourcecode.swift; path = CategoriesViewController.swift; sourceTree = "<group>"; };
		083615642242590F00062B3D /* CategoriesViewControllerProtocol.swift */ = {isa = PBXFileReference; lastKnownFileType = sourcecode.swift; path = CategoriesViewControllerProtocol.swift; sourceTree = "<group>"; };
		08752240223F7EE60061E87F /* DemoApplication-Bridging-Header.h */ = {isa = PBXFileReference; lastKnownFileType = sourcecode.c.h; path = "DemoApplication-Bridging-Header.h"; sourceTree = "<group>"; };
		08752241223F7EE70061E87F /* SWRevealViewController.h */ = {isa = PBXFileReference; fileEncoding = 4; lastKnownFileType = sourcecode.c.h; path = SWRevealViewController.h; sourceTree = "<group>"; };
		08752242223F7EE70061E87F /* SWRevealViewController.m */ = {isa = PBXFileReference; fileEncoding = 4; lastKnownFileType = sourcecode.c.objc; path = SWRevealViewController.m; sourceTree = "<group>"; };
		08752247223F8C5A0061E87F /* MainViewController.swift */ = {isa = PBXFileReference; lastKnownFileType = sourcecode.swift; path = MainViewController.swift; sourceTree = "<group>"; };
		08752249223F8C710061E87F /* MainViewControllerProtocol.swift */ = {isa = PBXFileReference; lastKnownFileType = sourcecode.swift; path = MainViewControllerProtocol.swift; sourceTree = "<group>"; };
		0875224B223F8CE80061E87F /* HomeMenuTableViewController.swift */ = {isa = PBXFileReference; lastKnownFileType = sourcecode.swift; path = HomeMenuTableViewController.swift; sourceTree = "<group>"; };
		0875224D223F9D4C0061E87F /* MainInteractor.swift */ = {isa = PBXFileReference; lastKnownFileType = sourcecode.swift; path = MainInteractor.swift; sourceTree = "<group>"; };
		0875224F223F9D5F0061E87F /* MainInteractorProtocol.swift */ = {isa = PBXFileReference; lastKnownFileType = sourcecode.swift; path = MainInteractorProtocol.swift; sourceTree = "<group>"; };
		08752251223FA0AA0061E87F /* NewsTableViewCell.swift */ = {isa = PBXFileReference; lastKnownFileType = sourcecode.swift; path = NewsTableViewCell.swift; sourceTree = "<group>"; };
		08BA8639223B81F600BE48F2 /* LaunchScreen.storyboard */ = {isa = PBXFileReference; lastKnownFileType = file.storyboard; path = LaunchScreen.storyboard; sourceTree = "<group>"; };
		08BA864F223BB1AB00BE48F2 /* AppConstants.swift */ = {isa = PBXFileReference; lastKnownFileType = sourcecode.swift; path = AppConstants.swift; sourceTree = "<group>"; };
		08BA8651223BB24500BE48F2 /* LoginWireframeProtocol.swift */ = {isa = PBXFileReference; fileEncoding = 4; lastKnownFileType = sourcecode.swift; path = LoginWireframeProtocol.swift; sourceTree = "<group>"; };
		08BA8653223BB24E00BE48F2 /* LoginWireframe.swift */ = {isa = PBXFileReference; fileEncoding = 4; lastKnownFileType = sourcecode.swift; path = LoginWireframe.swift; sourceTree = "<group>"; };
		08BA8655223BB26400BE48F2 /* LoginInteractor.swift */ = {isa = PBXFileReference; fileEncoding = 4; lastKnownFileType = sourcecode.swift; path = LoginInteractor.swift; sourceTree = "<group>"; };
		08BA8657223BB26B00BE48F2 /* LoginInteractorProtocol.swift */ = {isa = PBXFileReference; fileEncoding = 4; lastKnownFileType = sourcecode.swift; path = LoginInteractorProtocol.swift; sourceTree = "<group>"; };
		08BA8659223BB27800BE48F2 /* Login.storyboard */ = {isa = PBXFileReference; fileEncoding = 4; lastKnownFileType = file.storyboard; path = Login.storyboard; sourceTree = "<group>"; };
		08BA865B223BB28000BE48F2 /* LoginViewController.swift */ = {isa = PBXFileReference; fileEncoding = 4; lastKnownFileType = sourcecode.swift; path = LoginViewController.swift; sourceTree = "<group>"; };
		08BA865D223BB28800BE48F2 /* LoginViewControllerProtocol.swift */ = {isa = PBXFileReference; fileEncoding = 4; lastKnownFileType = sourcecode.swift; path = LoginViewControllerProtocol.swift; sourceTree = "<group>"; };
		08BA865F223BDCDD00BE48F2 /* HomeWireframe.swift */ = {isa = PBXFileReference; lastKnownFileType = sourcecode.swift; path = HomeWireframe.swift; sourceTree = "<group>"; };
		08BA8661223BDCEC00BE48F2 /* HomeWireframeProtocol.swift */ = {isa = PBXFileReference; lastKnownFileType = sourcecode.swift; path = HomeWireframeProtocol.swift; sourceTree = "<group>"; };
		08BA8663223BDD0000BE48F2 /* HomeInteractor.swift */ = {isa = PBXFileReference; lastKnownFileType = sourcecode.swift; path = HomeInteractor.swift; sourceTree = "<group>"; };
		08BA8665223BDD0E00BE48F2 /* HomeInteractorProtocol.swift */ = {isa = PBXFileReference; lastKnownFileType = sourcecode.swift; path = HomeInteractorProtocol.swift; sourceTree = "<group>"; };
		08BA866B223BDD3900BE48F2 /* Home.storyboard */ = {isa = PBXFileReference; lastKnownFileType = file.storyboard; path = Home.storyboard; sourceTree = "<group>"; };
		08E245072248C15D009AAE25 /* Register.storyboard */ = {isa = PBXFileReference; lastKnownFileType = file.storyboard; path = Register.storyboard; sourceTree = "<group>"; };
		08E245092248C1AB009AAE25 /* RegisterViewController.swift */ = {isa = PBXFileReference; lastKnownFileType = sourcecode.swift; path = RegisterViewController.swift; sourceTree = "<group>"; };
		08E2450B2248C749009AAE25 /* GoogleService-Info.plist */ = {isa = PBXFileReference; fileEncoding = 4; lastKnownFileType = text.plist.xml; path = "GoogleService-Info.plist"; sourceTree = "<group>"; };
		1CCB406EF87FF2051C081298 /* Pods-DemoApplication.release.xcconfig */ = {isa = PBXFileReference; includeInIndex = 1; lastKnownFileType = text.xcconfig; name = "Pods-DemoApplication.release.xcconfig"; path = "Target Support Files/Pods-DemoApplication/Pods-DemoApplication.release.xcconfig"; sourceTree = "<group>"; };
		40D4AEDD2CDB512DC117BBAC /* Pods_DemoApplication.framework */ = {isa = PBXFileReference; explicitFileType = wrapper.framework; includeInIndex = 0; path = Pods_DemoApplication.framework; sourceTree = BUILT_PRODUCTS_DIR; };
		743D1B488CB7CD6FB984414E /* Pods-DemoApplication.debug.xcconfig */ = {isa = PBXFileReference; includeInIndex = 1; lastKnownFileType = text.xcconfig; name = "Pods-DemoApplication.debug.xcconfig"; path = "Target Support Files/Pods-DemoApplication/Pods-DemoApplication.debug.xcconfig"; sourceTree = "<group>"; };
		84E552C421FAF0A4005A5E3A /* DemoApplication.app */ = {isa = PBXFileReference; explicitFileType = wrapper.application; includeInIndex = 0; path = DemoApplication.app; sourceTree = BUILT_PRODUCTS_DIR; };
		84E552C721FAF0A4005A5E3A /* AppDelegate.swift */ = {isa = PBXFileReference; lastKnownFileType = sourcecode.swift; path = AppDelegate.swift; sourceTree = "<group>"; };
		84E552CF21FAF0A4005A5E3A /* DemoApplication.xcdatamodel */ = {isa = PBXFileReference; lastKnownFileType = wrapper.xcdatamodel; path = DemoApplication.xcdatamodel; sourceTree = "<group>"; };
		84E552D121FAF0A5005A5E3A /* Assets.xcassets */ = {isa = PBXFileReference; lastKnownFileType = folder.assetcatalog; path = Assets.xcassets; sourceTree = "<group>"; };
		84E552D621FAF0A5005A5E3A /* Info.plist */ = {isa = PBXFileReference; lastKnownFileType = text.plist.xml; path = Info.plist; sourceTree = "<group>"; };
		84E552DB21FAF0A5005A5E3A /* DemoApplicationTests.xctest */ = {isa = PBXFileReference; explicitFileType = wrapper.cfbundle; includeInIndex = 0; path = DemoApplicationTests.xctest; sourceTree = BUILT_PRODUCTS_DIR; };
		84E552DF21FAF0A5005A5E3A /* DemoApplicationTests.swift */ = {isa = PBXFileReference; lastKnownFileType = sourcecode.swift; path = DemoApplicationTests.swift; sourceTree = "<group>"; };
		84E552E121FAF0A5005A5E3A /* Info.plist */ = {isa = PBXFileReference; lastKnownFileType = text.plist.xml; path = Info.plist; sourceTree = "<group>"; };
		84E552FF21FAF90F005A5E3A /* Splash.storyboard */ = {isa = PBXFileReference; lastKnownFileType = file.storyboard; path = Splash.storyboard; sourceTree = "<group>"; };
		84E5530121FAFA2C005A5E3A /* SplashInteractor.swift */ = {isa = PBXFileReference; lastKnownFileType = sourcecode.swift; path = SplashInteractor.swift; sourceTree = "<group>"; };
		84E5530321FAFAE7005A5E3A /* SplashInteractorProtocol.swift */ = {isa = PBXFileReference; lastKnownFileType = sourcecode.swift; path = SplashInteractorProtocol.swift; sourceTree = "<group>"; };
		84E5530521FAFB44005A5E3A /* SplashViewController.swift */ = {isa = PBXFileReference; lastKnownFileType = sourcecode.swift; path = SplashViewController.swift; sourceTree = "<group>"; };
		84E5530721FAFC63005A5E3A /* SplashViewControllerProtocol.swift */ = {isa = PBXFileReference; lastKnownFileType = sourcecode.swift; path = SplashViewControllerProtocol.swift; sourceTree = "<group>"; };
		84E5530921FAFCBB005A5E3A /* SplashWireframe.swift */ = {isa = PBXFileReference; lastKnownFileType = sourcecode.swift; path = SplashWireframe.swift; sourceTree = "<group>"; };
		84E5530B21FAFCE0005A5E3A /* SplashWireframeProtocol.swift */ = {isa = PBXFileReference; lastKnownFileType = sourcecode.swift; path = SplashWireframeProtocol.swift; sourceTree = "<group>"; };
		84E5530D21FAFD74005A5E3A /* RootWireframe.swift */ = {isa = PBXFileReference; lastKnownFileType = sourcecode.swift; path = RootWireframe.swift; sourceTree = "<group>"; };
/* End PBXFileReference section */

/* Begin PBXFrameworksBuildPhase section */
		84E552C121FAF0A4005A5E3A /* Frameworks */ = {
			isa = PBXFrameworksBuildPhase;
			buildActionMask = 2147483647;
			files = (
				51C1584EB6EE8656C91DD1B6 /* Pods_DemoApplication.framework in Frameworks */,
			);
			runOnlyForDeploymentPostprocessing = 0;
		};
		84E552D821FAF0A5005A5E3A /* Frameworks */ = {
			isa = PBXFrameworksBuildPhase;
			buildActionMask = 2147483647;
			files = (
			);
			runOnlyForDeploymentPostprocessing = 0;
		};
/* End PBXFrameworksBuildPhase section */

/* Begin PBXGroup section */
		0813B4912243D34200E19848 /* RowPage */ = {
			isa = PBXGroup;
			children = (
				0813B4932243D38900E19848 /* Routing */,
				0813B4922243D37500E19848 /* Interactor */,
				0813B4942243D3A300E19848 /* View */,
			);
			path = RowPage;
			sourceTree = "<group>";
		};
		0813B4922243D37500E19848 /* Interactor */ = {
			isa = PBXGroup;
			children = (
			);
			path = Interactor;
			sourceTree = "<group>";
		};
		0813B4932243D38900E19848 /* Routing */ = {
			isa = PBXGroup;
			children = (
				082CBD56224BB82E00F85C18 /* RowPageWireframe.swift */,
				082CBD58224BB84A00F85C18 /* RowPageWireframeProtocol.swift */,
			);
			name = Routing;
			path = "New Group";
			sourceTree = "<group>";
		};
		0813B4942243D3A300E19848 /* View */ = {
			isa = PBXGroup;
			children = (
				08094178224E51AA00506B97 /* CollapsingRowPageNavigationController.swift */,
				08094179224E51AA00506B97 /* CollapsingTableViewCell.swift */,
				08094177224E51AA00506B97 /* CollapsingTableViewController.swift */,
				0809417A224E51AA00506B97 /* RowPage.storyboard */,
			);
			path = View;
			sourceTree = "<group>";
		};
		082CBD4C224BB7BF00F85C18 /* Web */ = {
			isa = PBXGroup;
			children = (
				082CBD4F224BB7E500F85C18 /* Router */,
				082CBD4E224BB7DC00F85C18 /* Interactor */,
				082CBD4D224BB7CE00F85C18 /* View */,
			);
			path = Web;
			sourceTree = "<group>";
		};
		082CBD4D224BB7CE00F85C18 /* View */ = {
			isa = PBXGroup;
			children = (
				08094173224E518F00506B97 /* WebPage.storyboard */,
				08094174224E518F00506B97 /* WebPageViewController.swift */,
			);
			path = View;
			sourceTree = "<group>";
		};
		082CBD4E224BB7DC00F85C18 /* Interactor */ = {
			isa = PBXGroup;
			children = (
			);
			path = Interactor;
			sourceTree = "<group>";
		};
		082CBD4F224BB7E500F85C18 /* Router */ = {
			isa = PBXGroup;
			children = (
			);
			path = Router;
			sourceTree = "<group>";
		};
		0836155F224258BD00062B3D /* CategoriesView */ = {
			isa = PBXGroup;
			children = (
				0813B48F2243C2F900E19848 /* CategoriesTableViewCell.swift */,
				08361560224258DF00062B3D /* CategoriesViewController.swift */,
				083615642242590F00062B3D /* CategoriesViewControllerProtocol.swift */,
			);
			path = CategoriesView;
			sourceTree = "<group>";
		};
		0875223F223F7EAB0061E87F /* SideMenuHelper */ = {
			isa = PBXGroup;
			children = (
				08752241223F7EE70061E87F /* SWRevealViewController.h */,
				08752242223F7EE70061E87F /* SWRevealViewController.m */,
				08752240223F7EE60061E87F /* DemoApplication-Bridging-Header.h */,
			);
			path = "\U0010SideMenuHelper";
			sourceTree = "<group>";
		};
		08752244223F8BB30061E87F /* MainView */ = {
			isa = PBXGroup;
			children = (
				08752251223FA0AA0061E87F /* NewsTableViewCell.swift */,
				08752247223F8C5A0061E87F /* MainViewController.swift */,
				08752249223F8C710061E87F /* MainViewControllerProtocol.swift */,
			);
			path = MainView;
			sourceTree = "<group>";
		};
		08752245223F8BC80061E87F /* MainInteractor */ = {
			isa = PBXGroup;
			children = (
				0875224D223F9D4C0061E87F /* MainInteractor.swift */,
				0875224F223F9D5F0061E87F /* MainInteractorProtocol.swift */,
			);
			path = MainInteractor;
			sourceTree = "<group>";
		};
		08E245032248C11F009AAE25 /* Register */ = {
			isa = PBXGroup;
			children = (
				08E245062248C14C009AAE25 /* View */,
				08E245052248C143009AAE25 /* Interactor */,
				08E245042248C136009AAE25 /* Routing */,
			);
			path = Register;
			sourceTree = "<group>";
		};
		08E245042248C136009AAE25 /* Routing */ = {
			isa = PBXGroup;
			children = (
			);
			path = Routing;
			sourceTree = "<group>";
		};
		08E245052248C143009AAE25 /* Interactor */ = {
			isa = PBXGroup;
			children = (
			);
			path = Interactor;
			sourceTree = "<group>";
		};
		08E245062248C14C009AAE25 /* View */ = {
			isa = PBXGroup;
			children = (
				08E245072248C15D009AAE25 /* Register.storyboard */,
				08E245092248C1AB009AAE25 /* RegisterViewController.swift */,
			);
			path = View;
			sourceTree = "<group>";
		};
		7FE2D026EB5C67B0E425E435 /* Pods */ = {
			isa = PBXGroup;
			children = (
				743D1B488CB7CD6FB984414E /* Pods-DemoApplication.debug.xcconfig */,
				1CCB406EF87FF2051C081298 /* Pods-DemoApplication.release.xcconfig */,
			);
			path = Pods;
			sourceTree = "<group>";
		};
		84E552BB21FAF0A4005A5E3A = {
			isa = PBXGroup;
			children = (
				84E552C621FAF0A4005A5E3A /* DemoApplication */,
				84E552DE21FAF0A5005A5E3A /* DemoApplicationTests */,
				84E552C521FAF0A4005A5E3A /* Products */,
				7FE2D026EB5C67B0E425E435 /* Pods */,
				F2613D41F9553FDC04037D7F /* Frameworks */,
			);
			sourceTree = "<group>";
		};
		84E552C521FAF0A4005A5E3A /* Products */ = {
			isa = PBXGroup;
			children = (
				84E552C421FAF0A4005A5E3A /* DemoApplication.app */,
				84E552DB21FAF0A5005A5E3A /* DemoApplicationTests.xctest */,
			);
			name = Products;
			sourceTree = "<group>";
		};
		84E552C621FAF0A4005A5E3A /* DemoApplication */ = {
			isa = PBXGroup;
			children = (
				08E2450B2248C749009AAE25 /* GoogleService-Info.plist */,
				84E552EE21FAF77A005A5E3A /* Modules */,
				84E552EA21FAF5E1005A5E3A /* Common */,
				84E552C721FAF0A4005A5E3A /* AppDelegate.swift */,
				84E5530D21FAFD74005A5E3A /* RootWireframe.swift */,
				84E552D121FAF0A5005A5E3A /* Assets.xcassets */,
				84E552D621FAF0A5005A5E3A /* Info.plist */,
				08BA8639223B81F600BE48F2 /* LaunchScreen.storyboard */,
			);
			path = DemoApplication;
			sourceTree = "<group>";
		};
		84E552DE21FAF0A5005A5E3A /* DemoApplicationTests */ = {
			isa = PBXGroup;
			children = (
				84E552DF21FAF0A5005A5E3A /* DemoApplicationTests.swift */,
				84E552E121FAF0A5005A5E3A /* Info.plist */,
			);
			path = DemoApplicationTests;
			sourceTree = "<group>";
		};
		84E552EA21FAF5E1005A5E3A /* Common */ = {
			isa = PBXGroup;
			children = (
				0875223F223F7EAB0061E87F /* SideMenuHelper */,
				84E552ED21FAF68E005A5E3A /* Entities */,
				84E552EC21FAF610005A5E3A /* Firebase */,
				84E552EB21FAF5EC005A5E3A /* Local DataBase */,
				08BA864F223BB1AB00BE48F2 /* AppConstants.swift */,
			);
			path = Common;
			sourceTree = "<group>";
		};
		84E552EB21FAF5EC005A5E3A /* Local DataBase */ = {
			isa = PBXGroup;
			children = (
				84E552CE21FAF0A4005A5E3A /* DemoApplication.xcdatamodeld */,
			);
			path = "Local DataBase";
			sourceTree = "<group>";
		};
		84E552EC21FAF610005A5E3A /* Firebase */ = {
			isa = PBXGroup;
			children = (
			);
			path = Firebase;
			sourceTree = "<group>";
		};
		84E552ED21FAF68E005A5E3A /* Entities */ = {
			isa = PBXGroup;
			children = (
				081A755D2241127D0028E9D1 /* Articles.swift */,
				081A755F2241127D0028E9D1 /* NewsModel.swift */,
				081A755E2241127D0028E9D1 /* Source.swift */,
			);
			path = Entities;
			sourceTree = "<group>";
		};
		84E552EE21FAF77A005A5E3A /* Modules */ = {
			isa = PBXGroup;
			children = (
				082CBD4C224BB7BF00F85C18 /* Web */,
				08E245032248C11F009AAE25 /* Register */,
				0813B4912243D34200E19848 /* RowPage */,
				84E552F221FAF803005A5E3A /* Home */,
				84E552F021FAF7D7005A5E3A /* Login */,
				84E552EF21FAF7C7005A5E3A /* Splash */,
			);
			path = Modules;
			sourceTree = "<group>";
		};
		84E552EF21FAF7C7005A5E3A /* Splash */ = {
			isa = PBXGroup;
			children = (
				84E552FE21FAF89B005A5E3A /* Routing */,
				84E552FD21FAF893005A5E3A /* Interactor */,
				84E552FC21FAF875005A5E3A /* View */,
			);
			path = Splash;
			sourceTree = "<group>";
		};
		84E552F021FAF7D7005A5E3A /* Login */ = {
			isa = PBXGroup;
			children = (
				84E552FB21FAF86C005A5E3A /* Routing */,
				84E552FA21FAF860005A5E3A /* Interactor */,
				84E552F921FAF854005A5E3A /* View */,
			);
			path = Login;
			sourceTree = "<group>";
		};
		84E552F221FAF803005A5E3A /* Home */ = {
			isa = PBXGroup;
			children = (
				84E552F521FAF823005A5E3A /* Routing */,
				84E552F421FAF815005A5E3A /* Interactor */,
				84E552F321FAF80D005A5E3A /* View */,
			);
			path = Home;
			sourceTree = "<group>";
		};
		84E552F321FAF80D005A5E3A /* View */ = {
			isa = PBXGroup;
			children = (
				0836155F224258BD00062B3D /* CategoriesView */,
				08752244223F8BB30061E87F /* MainView */,
				08BA866B223BDD3900BE48F2 /* Home.storyboard */,
				0875224B223F8CE80061E87F /* HomeMenuTableViewController.swift */,
			);
			path = View;
			sourceTree = "<group>";
		};
		84E552F421FAF815005A5E3A /* Interactor */ = {
			isa = PBXGroup;
			children = (
				08752245223F8BC80061E87F /* MainInteractor */,
				08BA8663223BDD0000BE48F2 /* HomeInteractor.swift */,
				08BA8665223BDD0E00BE48F2 /* HomeInteractorProtocol.swift */,
			);
			path = Interactor;
			sourceTree = "<group>";
		};
		84E552F521FAF823005A5E3A /* Routing */ = {
			isa = PBXGroup;
			children = (
				08BA865F223BDCDD00BE48F2 /* HomeWireframe.swift */,
				08BA8661223BDCEC00BE48F2 /* HomeWireframeProtocol.swift */,
			);
			path = Routing;
			sourceTree = "<group>";
		};
		84E552F921FAF854005A5E3A /* View */ = {
			isa = PBXGroup;
			children = (
				08BA865D223BB28800BE48F2 /* LoginViewControllerProtocol.swift */,
				08BA865B223BB28000BE48F2 /* LoginViewController.swift */,
				08BA8659223BB27800BE48F2 /* Login.storyboard */,
			);
			path = View;
			sourceTree = "<group>";
		};
		84E552FA21FAF860005A5E3A /* Interactor */ = {
			isa = PBXGroup;
			children = (
				08BA8657223BB26B00BE48F2 /* LoginInteractorProtocol.swift */,
				08BA8655223BB26400BE48F2 /* LoginInteractor.swift */,
			);
			path = Interactor;
			sourceTree = "<group>";
		};
		84E552FB21FAF86C005A5E3A /* Routing */ = {
			isa = PBXGroup;
			children = (
				08BA8653223BB24E00BE48F2 /* LoginWireframe.swift */,
				08BA8651223BB24500BE48F2 /* LoginWireframeProtocol.swift */,
			);
			path = Routing;
			sourceTree = "<group>";
		};
		84E552FC21FAF875005A5E3A /* View */ = {
			isa = PBXGroup;
			children = (
				84E552FF21FAF90F005A5E3A /* Splash.storyboard */,
				84E5530521FAFB44005A5E3A /* SplashViewController.swift */,
				84E5530721FAFC63005A5E3A /* SplashViewControllerProtocol.swift */,
			);
			path = View;
			sourceTree = "<group>";
		};
		84E552FD21FAF893005A5E3A /* Interactor */ = {
			isa = PBXGroup;
			children = (
				84E5530121FAFA2C005A5E3A /* SplashInteractor.swift */,
				84E5530321FAFAE7005A5E3A /* SplashInteractorProtocol.swift */,
			);
			path = Interactor;
			sourceTree = "<group>";
		};
		84E552FE21FAF89B005A5E3A /* Routing */ = {
			isa = PBXGroup;
			children = (
				84E5530921FAFCBB005A5E3A /* SplashWireframe.swift */,
				84E5530B21FAFCE0005A5E3A /* SplashWireframeProtocol.swift */,
			);
			path = Routing;
			sourceTree = "<group>";
		};
		F2613D41F9553FDC04037D7F /* Frameworks */ = {
			isa = PBXGroup;
			children = (
				40D4AEDD2CDB512DC117BBAC /* Pods_DemoApplication.framework */,
			);
			name = Frameworks;
			sourceTree = "<group>";
		};
/* End PBXGroup section */

/* Begin PBXNativeTarget section */
		84E552C321FAF0A4005A5E3A /* DemoApplication */ = {
			isa = PBXNativeTarget;
			buildConfigurationList = 84E552E421FAF0A5005A5E3A /* Build configuration list for PBXNativeTarget "DemoApplication" */;
			buildPhases = (
				8E77CD903D2C99B350A776CD /* [CP] Check Pods Manifest.lock */,
				84E552C021FAF0A4005A5E3A /* Sources */,
				84E552C121FAF0A4005A5E3A /* Frameworks */,
				84E552C221FAF0A4005A5E3A /* Resources */,
				ED8CA46EE503C70DEC8B2B5D /* [CP] Embed Pods Frameworks */,
			);
			buildRules = (
			);
			dependencies = (
			);
			name = DemoApplication;
			productName = DemoApplication;
			productReference = 84E552C421FAF0A4005A5E3A /* DemoApplication.app */;
			productType = "com.apple.product-type.application";
		};
		84E552DA21FAF0A5005A5E3A /* DemoApplicationTests */ = {
			isa = PBXNativeTarget;
			buildConfigurationList = 84E552E721FAF0A5005A5E3A /* Build configuration list for PBXNativeTarget "DemoApplicationTests" */;
			buildPhases = (
				84E552D721FAF0A5005A5E3A /* Sources */,
				84E552D821FAF0A5005A5E3A /* Frameworks */,
				84E552D921FAF0A5005A5E3A /* Resources */,
			);
			buildRules = (
			);
			dependencies = (
				84E552DD21FAF0A5005A5E3A /* PBXTargetDependency */,
			);
			name = DemoApplicationTests;
			productName = DemoApplicationTests;
			productReference = 84E552DB21FAF0A5005A5E3A /* DemoApplicationTests.xctest */;
			productType = "com.apple.product-type.bundle.unit-test";
		};
/* End PBXNativeTarget section */

/* Begin PBXProject section */
		84E552BC21FAF0A4005A5E3A /* Project object */ = {
			isa = PBXProject;
			attributes = {
				LastSwiftUpdateCheck = 1010;
				LastUpgradeCheck = 1010;
				ORGANIZATIONNAME = name;
				TargetAttributes = {
					84E552C321FAF0A4005A5E3A = {
						CreatedOnToolsVersion = 10.1;
						LastSwiftMigration = 1010;
					};
					84E552DA21FAF0A5005A5E3A = {
						CreatedOnToolsVersion = 10.1;
						TestTargetID = 84E552C321FAF0A4005A5E3A;
					};
				};
			};
			buildConfigurationList = 84E552BF21FAF0A4005A5E3A /* Build configuration list for PBXProject "DemoApplication" */;
			compatibilityVersion = "Xcode 9.3";
			developmentRegion = en;
			hasScannedForEncodings = 0;
			knownRegions = (
				en,
				Base,
			);
			mainGroup = 84E552BB21FAF0A4005A5E3A;
			productRefGroup = 84E552C521FAF0A4005A5E3A /* Products */;
			projectDirPath = "";
			projectRoot = "";
			targets = (
				84E552C321FAF0A4005A5E3A /* DemoApplication */,
				84E552DA21FAF0A5005A5E3A /* DemoApplicationTests */,
			);
		};
/* End PBXProject section */

/* Begin PBXResourcesBuildPhase section */
		84E552C221FAF0A4005A5E3A /* Resources */ = {
			isa = PBXResourcesBuildPhase;
			buildActionMask = 2147483647;
			files = (
				08BA865A223BB27800BE48F2 /* Login.storyboard in Resources */,
				08E2450C2248C749009AAE25 /* GoogleService-Info.plist in Resources */,
				08BA866C223BDD3900BE48F2 /* Home.storyboard in Resources */,
				08E245082248C15D009AAE25 /* Register.storyboard in Resources */,
				08094175224E518F00506B97 /* WebPage.storyboard in Resources */,
				0809417E224E51AA00506B97 /* RowPage.storyboard in Resources */,
				08BA863A223B81F600BE48F2 /* LaunchScreen.storyboard in Resources */,
				84E552D221FAF0A5005A5E3A /* Assets.xcassets in Resources */,
				84E5530021FAF90F005A5E3A /* Splash.storyboard in Resources */,
			);
			runOnlyForDeploymentPostprocessing = 0;
		};
		84E552D921FAF0A5005A5E3A /* Resources */ = {
			isa = PBXResourcesBuildPhase;
			buildActionMask = 2147483647;
			files = (
			);
			runOnlyForDeploymentPostprocessing = 0;
		};
/* End PBXResourcesBuildPhase section */

/* Begin PBXShellScriptBuildPhase section */
		8E77CD903D2C99B350A776CD /* [CP] Check Pods Manifest.lock */ = {
			isa = PBXShellScriptBuildPhase;
			buildActionMask = 2147483647;
			files = (
			);
			inputFileListPaths = (
			);
			inputPaths = (
				"${PODS_PODFILE_DIR_PATH}/Podfile.lock",
				"${PODS_ROOT}/Manifest.lock",
			);
			name = "[CP] Check Pods Manifest.lock";
			outputFileListPaths = (
			);
			outputPaths = (
				"$(DERIVED_FILE_DIR)/Pods-DemoApplication-checkManifestLockResult.txt",
			);
			runOnlyForDeploymentPostprocessing = 0;
			shellPath = /bin/sh;
			shellScript = "diff \"${PODS_PODFILE_DIR_PATH}/Podfile.lock\" \"${PODS_ROOT}/Manifest.lock\" > /dev/null\nif [ $? != 0 ] ; then\n    # print error to STDERR\n    echo \"error: The sandbox is not in sync with the Podfile.lock. Run 'pod install' or update your CocoaPods installation.\" >&2\n    exit 1\nfi\n# This output is used by Xcode 'outputs' to avoid re-running this script phase.\necho \"SUCCESS\" > \"${SCRIPT_OUTPUT_FILE_0}\"\n";
			showEnvVarsInLog = 0;
		};
		ED8CA46EE503C70DEC8B2B5D /* [CP] Embed Pods Frameworks */ = {
			isa = PBXShellScriptBuildPhase;
			buildActionMask = 2147483647;
			files = (
			);
			inputFileListPaths = (
			);
			inputPaths = (
				"${PODS_ROOT}/Target Support Files/Pods-DemoApplication/Pods-DemoApplication-frameworks.sh",
				"${BUILT_PRODUCTS_DIR}/Floaty/Floaty.framework",
				"${BUILT_PRODUCTS_DIR}/GTMSessionFetcher/GTMSessionFetcher.framework",
				"${BUILT_PRODUCTS_DIR}/GoogleUtilities/GoogleUtilities.framework",
				"${BUILT_PRODUCTS_DIR}/leveldb-library/leveldb.framework",
				"${BUILT_PRODUCTS_DIR}/nanopb/nanopb.framework",
			);
			name = "[CP] Embed Pods Frameworks";
			outputFileListPaths = (
			);
			outputPaths = (
				"${TARGET_BUILD_DIR}/${FRAMEWORKS_FOLDER_PATH}/Floaty.framework",
				"${TARGET_BUILD_DIR}/${FRAMEWORKS_FOLDER_PATH}/GTMSessionFetcher.framework",
				"${TARGET_BUILD_DIR}/${FRAMEWORKS_FOLDER_PATH}/GoogleUtilities.framework",
				"${TARGET_BUILD_DIR}/${FRAMEWORKS_FOLDER_PATH}/leveldb.framework",
				"${TARGET_BUILD_DIR}/${FRAMEWORKS_FOLDER_PATH}/nanopb.framework",
			);
			runOnlyForDeploymentPostprocessing = 0;
			shellPath = /bin/sh;
			shellScript = "\"${PODS_ROOT}/Target Support Files/Pods-DemoApplication/Pods-DemoApplication-frameworks.sh\"\n";
			showEnvVarsInLog = 0;
		};
/* End PBXShellScriptBuildPhase section */

/* Begin PBXSourcesBuildPhase section */
		84E552C021FAF0A4005A5E3A /* Sources */ = {
			isa = PBXSourcesBuildPhase;
			buildActionMask = 2147483647;
			files = (
				84E552C821FAF0A4005A5E3A /* AppDelegate.swift in Sources */,
				08752248223F8C5A0061E87F /* MainViewController.swift in Sources */,
				0813B4902243C2F900E19848 /* CategoriesTableViewCell.swift in Sources */,
				08BA8664223BDD0000BE48F2 /* HomeInteractor.swift in Sources */,
				0875224C223F8CE80061E87F /* HomeMenuTableViewController.swift in Sources */,
				082CBD59224BB84A00F85C18 /* RowPageWireframeProtocol.swift in Sources */,
				84E552D021FAF0A4005A5E3A /* DemoApplication.xcdatamodeld in Sources */,
				08752243223F7EE70061E87F /* SWRevealViewController.m in Sources */,
				08BA8660223BDCDD00BE48F2 /* HomeWireframe.swift in Sources */,
				081A75612241127D0028E9D1 /* Source.swift in Sources */,
				08BA865E223BB28800BE48F2 /* LoginViewControllerProtocol.swift in Sources */,
				08752252223FA0AA0061E87F /* NewsTableViewCell.swift in Sources */,
				0875224E223F9D4C0061E87F /* MainInteractor.swift in Sources */,
				08BA8654223BB24E00BE48F2 /* LoginWireframe.swift in Sources */,
				08094176224E518F00506B97 /* WebPageViewController.swift in Sources */,
				0809417D224E51AA00506B97 /* CollapsingTableViewCell.swift in Sources */,
				08BA865C223BB28000BE48F2 /* LoginViewController.swift in Sources */,
				08361561224258DF00062B3D /* CategoriesViewController.swift in Sources */,
				84E5530E21FAFD74005A5E3A /* RootWireframe.swift in Sources */,
				84E5530C21FAFCE0005A5E3A /* SplashWireframeProtocol.swift in Sources */,
				08BA8666223BDD0E00BE48F2 /* HomeInteractorProtocol.swift in Sources */,
				84E5530621FAFB44005A5E3A /* SplashViewController.swift in Sources */,
				08752250223F9D5F0061E87F /* MainInteractorProtocol.swift in Sources */,
				08BA8652223BB24500BE48F2 /* LoginWireframeProtocol.swift in Sources */,
				84E5530421FAFAE7005A5E3A /* SplashInteractorProtocol.swift in Sources */,
				08BA8662223BDCEC00BE48F2 /* HomeWireframeProtocol.swift in Sources */,
				84E5530A21FAFCBB005A5E3A /* SplashWireframe.swift in Sources */,
				081A75622241127D0028E9D1 /* NewsModel.swift in Sources */,
				08E2450A2248C1AB009AAE25 /* RegisterViewController.swift in Sources */,
				083615652242590F00062B3D /* CategoriesViewControllerProtocol.swift in Sources */,
				84E5530821FAFC63005A5E3A /* SplashViewControllerProtocol.swift in Sources */,
				0809417C224E51AA00506B97 /* CollapsingRowPageNavigationController.swift in Sources */,
				0875224A223F8C710061E87F /* MainViewControllerProtocol.swift in Sources */,
				08BA8658223BB26B00BE48F2 /* LoginInteractorProtocol.swift in Sources */,
				08BA8656223BB26400BE48F2 /* LoginInteractor.swift in Sources */,
				0809417B224E51AA00506B97 /* CollapsingTableViewController.swift in Sources */,
				082CBD57224BB82E00F85C18 /* RowPageWireframe.swift in Sources */,
				84E5530221FAFA2C005A5E3A /* SplashInteractor.swift in Sources */,
				081A75602241127D0028E9D1 /* Articles.swift in Sources */,
				08BA8650223BB1AB00BE48F2 /* AppConstants.swift in Sources */,
			);
			runOnlyForDeploymentPostprocessing = 0;
		};
		84E552D721FAF0A5005A5E3A /* Sources */ = {
			isa = PBXSourcesBuildPhase;
			buildActionMask = 2147483647;
			files = (
				84E552E021FAF0A5005A5E3A /* DemoApplicationTests.swift in Sources */,
			);
			runOnlyForDeploymentPostprocessing = 0;
		};
/* End PBXSourcesBuildPhase section */

/* Begin PBXTargetDependency section */
		84E552DD21FAF0A5005A5E3A /* PBXTargetDependency */ = {
			isa = PBXTargetDependency;
			target = 84E552C321FAF0A4005A5E3A /* DemoApplication */;
			targetProxy = 84E552DC21FAF0A5005A5E3A /* PBXContainerItemProxy */;
		};
/* End PBXTargetDependency section */

/* Begin XCBuildConfiguration section */
		84E552E221FAF0A5005A5E3A /* Debug */ = {
			isa = XCBuildConfiguration;
			buildSettings = {
				ALWAYS_SEARCH_USER_PATHS = NO;
				CLANG_ANALYZER_NONNULL = YES;
				CLANG_ANALYZER_NUMBER_OBJECT_CONVERSION = YES_AGGRESSIVE;
				CLANG_CXX_LANGUAGE_STANDARD = "gnu++14";
				CLANG_CXX_LIBRARY = "libc++";
				CLANG_ENABLE_MODULES = YES;
				CLANG_ENABLE_OBJC_ARC = YES;
				CLANG_ENABLE_OBJC_WEAK = YES;
				CLANG_WARN_BLOCK_CAPTURE_AUTORELEASING = YES;
				CLANG_WARN_BOOL_CONVERSION = YES;
				CLANG_WARN_COMMA = YES;
				CLANG_WARN_CONSTANT_CONVERSION = YES;
				CLANG_WARN_DEPRECATED_OBJC_IMPLEMENTATIONS = YES;
				CLANG_WARN_DIRECT_OBJC_ISA_USAGE = YES_ERROR;
				CLANG_WARN_DOCUMENTATION_COMMENTS = YES;
				CLANG_WARN_EMPTY_BODY = YES;
				CLANG_WARN_ENUM_CONVERSION = YES;
				CLANG_WARN_INFINITE_RECURSION = YES;
				CLANG_WARN_INT_CONVERSION = YES;
				CLANG_WARN_NON_LITERAL_NULL_CONVERSION = YES;
				CLANG_WARN_OBJC_IMPLICIT_RETAIN_SELF = YES;
				CLANG_WARN_OBJC_LITERAL_CONVERSION = YES;
				CLANG_WARN_OBJC_ROOT_CLASS = YES_ERROR;
				CLANG_WARN_RANGE_LOOP_ANALYSIS = YES;
				CLANG_WARN_STRICT_PROTOTYPES = YES;
				CLANG_WARN_SUSPICIOUS_MOVE = YES;
				CLANG_WARN_UNGUARDED_AVAILABILITY = YES_AGGRESSIVE;
				CLANG_WARN_UNREACHABLE_CODE = YES;
				CLANG_WARN__DUPLICATE_METHOD_MATCH = YES;
				CODE_SIGN_IDENTITY = "iPhone Developer";
				COPY_PHASE_STRIP = NO;
				DEBUG_INFORMATION_FORMAT = dwarf;
				ENABLE_STRICT_OBJC_MSGSEND = YES;
				ENABLE_TESTABILITY = YES;
				GCC_C_LANGUAGE_STANDARD = gnu11;
				GCC_DYNAMIC_NO_PIC = NO;
				GCC_NO_COMMON_BLOCKS = YES;
				GCC_OPTIMIZATION_LEVEL = 0;
				GCC_PREPROCESSOR_DEFINITIONS = (
					"DEBUG=1",
					"$(inherited)",
				);
				GCC_WARN_64_TO_32_BIT_CONVERSION = YES;
				GCC_WARN_ABOUT_RETURN_TYPE = YES_ERROR;
				GCC_WARN_UNDECLARED_SELECTOR = YES;
				GCC_WARN_UNINITIALIZED_AUTOS = YES_AGGRESSIVE;
				GCC_WARN_UNUSED_FUNCTION = YES;
				GCC_WARN_UNUSED_VARIABLE = YES;
				IPHONEOS_DEPLOYMENT_TARGET = 12.1;
				MTL_ENABLE_DEBUG_INFO = INCLUDE_SOURCE;
				MTL_FAST_MATH = YES;
				ONLY_ACTIVE_ARCH = YES;
				SDKROOT = iphoneos;
				SWIFT_ACTIVE_COMPILATION_CONDITIONS = DEBUG;
				SWIFT_OPTIMIZATION_LEVEL = "-Onone";
			};
			name = Debug;
		};
		84E552E321FAF0A5005A5E3A /* Release */ = {
			isa = XCBuildConfiguration;
			buildSettings = {
				ALWAYS_SEARCH_USER_PATHS = NO;
				CLANG_ANALYZER_NONNULL = YES;
				CLANG_ANALYZER_NUMBER_OBJECT_CONVERSION = YES_AGGRESSIVE;
				CLANG_CXX_LANGUAGE_STANDARD = "gnu++14";
				CLANG_CXX_LIBRARY = "libc++";
				CLANG_ENABLE_MODULES = YES;
				CLANG_ENABLE_OBJC_ARC = YES;
				CLANG_ENABLE_OBJC_WEAK = YES;
				CLANG_WARN_BLOCK_CAPTURE_AUTORELEASING = YES;
				CLANG_WARN_BOOL_CONVERSION = YES;
				CLANG_WARN_COMMA = YES;
				CLANG_WARN_CONSTANT_CONVERSION = YES;
				CLANG_WARN_DEPRECATED_OBJC_IMPLEMENTATIONS = YES;
				CLANG_WARN_DIRECT_OBJC_ISA_USAGE = YES_ERROR;
				CLANG_WARN_DOCUMENTATION_COMMENTS = YES;
				CLANG_WARN_EMPTY_BODY = YES;
				CLANG_WARN_ENUM_CONVERSION = YES;
				CLANG_WARN_INFINITE_RECURSION = YES;
				CLANG_WARN_INT_CONVERSION = YES;
				CLANG_WARN_NON_LITERAL_NULL_CONVERSION = YES;
				CLANG_WARN_OBJC_IMPLICIT_RETAIN_SELF = YES;
				CLANG_WARN_OBJC_LITERAL_CONVERSION = YES;
				CLANG_WARN_OBJC_ROOT_CLASS = YES_ERROR;
				CLANG_WARN_RANGE_LOOP_ANALYSIS = YES;
				CLANG_WARN_STRICT_PROTOTYPES = YES;
				CLANG_WARN_SUSPICIOUS_MOVE = YES;
				CLANG_WARN_UNGUARDED_AVAILABILITY = YES_AGGRESSIVE;
				CLANG_WARN_UNREACHABLE_CODE = YES;
				CLANG_WARN__DUPLICATE_METHOD_MATCH = YES;
				CODE_SIGN_IDENTITY = "iPhone Developer";
				COPY_PHASE_STRIP = NO;
				DEBUG_INFORMATION_FORMAT = "dwarf-with-dsym";
				ENABLE_NS_ASSERTIONS = NO;
				ENABLE_STRICT_OBJC_MSGSEND = YES;
				GCC_C_LANGUAGE_STANDARD = gnu11;
				GCC_NO_COMMON_BLOCKS = YES;
				GCC_WARN_64_TO_32_BIT_CONVERSION = YES;
				GCC_WARN_ABOUT_RETURN_TYPE = YES_ERROR;
				GCC_WARN_UNDECLARED_SELECTOR = YES;
				GCC_WARN_UNINITIALIZED_AUTOS = YES_AGGRESSIVE;
				GCC_WARN_UNUSED_FUNCTION = YES;
				GCC_WARN_UNUSED_VARIABLE = YES;
				IPHONEOS_DEPLOYMENT_TARGET = 12.1;
				MTL_ENABLE_DEBUG_INFO = NO;
				MTL_FAST_MATH = YES;
				SDKROOT = iphoneos;
				SWIFT_COMPILATION_MODE = wholemodule;
				SWIFT_OPTIMIZATION_LEVEL = "-O";
				VALIDATE_PRODUCT = YES;
			};
			name = Release;
		};
		84E552E521FAF0A5005A5E3A /* Debug */ = {
			isa = XCBuildConfiguration;
			baseConfigurationReference = 743D1B488CB7CD6FB984414E /* Pods-DemoApplication.debug.xcconfig */;
			buildSettings = {
				ASSETCATALOG_COMPILER_APPICON_NAME = AppIcon;
				CLANG_ENABLE_MODULES = YES;
				CODE_SIGN_STYLE = Automatic;
				INFOPLIST_FILE = DemoApplication/Info.plist;
				LD_RUNPATH_SEARCH_PATHS = (
					"$(inherited)",
					"@executable_path/Frameworks",
				);
				PRODUCT_BUNDLE_IDENTIFIER = com.identifire.DemoApplication;
				PRODUCT_NAME = "$(TARGET_NAME)";
				SWIFT_OBJC_BRIDGING_HEADER = "DemoApplication/Common/\U0010SideMenuHelper/DemoApplication-Bridging-Header.h";
				SWIFT_OPTIMIZATION_LEVEL = "-Onone";
				SWIFT_VERSION = 4.2;
				TARGETED_DEVICE_FAMILY = "1,2";
			};
			name = Debug;
		};
		84E552E621FAF0A5005A5E3A /* Release */ = {
			isa = XCBuildConfiguration;
			baseConfigurationReference = 1CCB406EF87FF2051C081298 /* Pods-DemoApplication.release.xcconfig */;
			buildSettings = {
				ASSETCATALOG_COMPILER_APPICON_NAME = AppIcon;
				CLANG_ENABLE_MODULES = YES;
				CODE_SIGN_STYLE = Automatic;
				INFOPLIST_FILE = DemoApplication/Info.plist;
				LD_RUNPATH_SEARCH_PATHS = (
					"$(inherited)",
					"@executable_path/Frameworks",
				);
				PRODUCT_BUNDLE_IDENTIFIER = com.identifire.DemoApplication;
				PRODUCT_NAME = "$(TARGET_NAME)";
				SWIFT_OBJC_BRIDGING_HEADER = "DemoApplication/Common/\U0010SideMenuHelper/DemoApplication-Bridging-Header.h";
				SWIFT_VERSION = 4.2;
				TARGETED_DEVICE_FAMILY = "1,2";
			};
			name = Release;
		};
		84E552E821FAF0A5005A5E3A /* Debug */ = {
			isa = XCBuildConfiguration;
			buildSettings = {
				ALWAYS_EMBED_SWIFT_STANDARD_LIBRARIES = YES;
				BUNDLE_LOADER = "$(TEST_HOST)";
				CODE_SIGN_STYLE = Automatic;
				INFOPLIST_FILE = DemoApplicationTests/Info.plist;
				LD_RUNPATH_SEARCH_PATHS = (
					"$(inherited)",
					"@executable_path/Frameworks",
					"@loader_path/Frameworks",
				);
				PRODUCT_BUNDLE_IDENTIFIER = com.identifire.DemoApplicationTests;
				PRODUCT_NAME = "$(TARGET_NAME)";
				SWIFT_VERSION = 4.2;
				TARGETED_DEVICE_FAMILY = "1,2";
				TEST_HOST = "$(BUILT_PRODUCTS_DIR)/DemoApplication.app/DemoApplication";
			};
			name = Debug;
		};
		84E552E921FAF0A5005A5E3A /* Release */ = {
			isa = XCBuildConfiguration;
			buildSettings = {
				ALWAYS_EMBED_SWIFT_STANDARD_LIBRARIES = YES;
				BUNDLE_LOADER = "$(TEST_HOST)";
				CODE_SIGN_STYLE = Automatic;
				INFOPLIST_FILE = DemoApplicationTests/Info.plist;
				LD_RUNPATH_SEARCH_PATHS = (
					"$(inherited)",
					"@executable_path/Frameworks",
					"@loader_path/Frameworks",
				);
				PRODUCT_BUNDLE_IDENTIFIER = com.identifire.DemoApplicationTests;
				PRODUCT_NAME = "$(TARGET_NAME)";
				SWIFT_VERSION = 4.2;
				TARGETED_DEVICE_FAMILY = "1,2";
				TEST_HOST = "$(BUILT_PRODUCTS_DIR)/DemoApplication.app/DemoApplication";
			};
			name = Release;
		};
/* End XCBuildConfiguration section */

/* Begin XCConfigurationList section */
		84E552BF21FAF0A4005A5E3A /* Build configuration list for PBXProject "DemoApplication" */ = {
			isa = XCConfigurationList;
			buildConfigurations = (
				84E552E221FAF0A5005A5E3A /* Debug */,
				84E552E321FAF0A5005A5E3A /* Release */,
			);
			defaultConfigurationIsVisible = 0;
			defaultConfigurationName = Release;
		};
		84E552E421FAF0A5005A5E3A /* Build configuration list for PBXNativeTarget "DemoApplication" */ = {
			isa = XCConfigurationList;
			buildConfigurations = (
				84E552E521FAF0A5005A5E3A /* Debug */,
				84E552E621FAF0A5005A5E3A /* Release */,
			);
			defaultConfigurationIsVisible = 0;
			defaultConfigurationName = Release;
		};
		84E552E721FAF0A5005A5E3A /* Build configuration list for PBXNativeTarget "DemoApplicationTests" */ = {
			isa = XCConfigurationList;
			buildConfigurations = (
				84E552E821FAF0A5005A5E3A /* Debug */,
				84E552E921FAF0A5005A5E3A /* Release */,
			);
			defaultConfigurationIsVisible = 0;
			defaultConfigurationName = Release;
		};
/* End XCConfigurationList section */

/* Begin XCVersionGroup section */
		84E552CE21FAF0A4005A5E3A /* DemoApplication.xcdatamodeld */ = {
			isa = XCVersionGroup;
			children = (
				84E552CF21FAF0A4005A5E3A /* DemoApplication.xcdatamodel */,
			);
			currentVersion = 84E552CF21FAF0A4005A5E3A /* DemoApplication.xcdatamodel */;
			path = DemoApplication.xcdatamodeld;
			sourceTree = "<group>";
			versionGroupType = wrapper.xcdatamodel;
		};
/* End XCVersionGroup section */
	};
	rootObject = 84E552BC21FAF0A4005A5E3A /* Project object */;
}
